
Microsoft Visual Studio Solution File, Format Version 12.00
# Visual Studio Version 16
VisualStudioVersion = 16.0.31112.23
MinimumVisualStudioVersion = 10.0.40219.1
Project("{FAE04EC0-301F-11D3-BF4B-00C04F79EFBC}") = "MailServicesAndModels", "MailServicesAndModels\MailServicesAndModels.csproj", "{7D64A310-E069-4AE9-B40D-E5A95F3C22F6}"
EndProject
Project("{FAE04EC0-301F-11D3-BF4B-00C04F79EFBC}") = "MailService", "MailService\MailService.csproj", "{55AD9BBD-FB91-4181-8FE3-A95FDF4FFDDF}"
EndProject
Project("{FAE04EC0-301F-11D3-BF4B-00C04F79EFBC}") = "MailClient", "MailClient\MailClient.csproj", "{A2F91EA9-59ED-4298-B8FB-52AF63BCC3D7}"
EndProject
Global
	GlobalSection(SolutionConfigurationPlatforms) = preSolution
		Debug|Any CPU = Debug|Any CPU
		Release|Any CPU = Release|Any CPU
	EndGlobalSection
	GlobalSection(ProjectConfigurationPlatforms) = postSolution
		{7D64A310-E069-4AE9-B40D-E5A95F3C22F6}.Debug|Any CPU.ActiveCfg = Debug|Any CPU
		{7D64A310-E069-4AE9-B40D-E5A95F3C22F6}.Debug|Any CPU.Build.0 = Debug|Any CPU
		{7D64A310-E069-4AE9-B40D-E5A95F3C22F6}.Release|Any CPU.ActiveCfg = Release|Any CPU
		{7D64A310-E069-4AE9-B40D-E5A95F3C22F6}.Release|Any CPU.Build.0 = Release|Any CPU
		{55AD9BBD-FB91-4181-8FE3-A95FDF4FFDDF}.Debug|Any CPU.ActiveCfg = Debug|Any CPU
		{55AD9BBD-FB91-4181-8FE3-A95FDF4FFDDF}.Debug|Any CPU.Build.0 = Debug|Any CPU
		{55AD9BBD-FB91-4181-8FE3-A95FDF4FFDDF}.Release|Any CPU.ActiveCfg = Release|Any CPU
		{55AD9BBD-FB91-4181-8FE3-A95FDF4FFDDF}.Release|Any CPU.Build.0 = Release|Any CPU
		{A2F91EA9-59ED-4298-B8FB-52AF63BCC3D7}.Debug|Any CPU.ActiveCfg = Debug|Any CPU
		{A2F91EA9-59ED-4298-B8FB-52AF63BCC3D7}.Debug|Any CPU.Build.0 = Debug|Any CPU
		{A2F91EA9-59ED-4298-B8FB-52AF63BCC3D7}.Release|Any CPU.ActiveCfg = Release|Any CPU
		{A2F91EA9-59ED-4298-B8FB-52AF63BCC3D7}.Release|Any CPU.Build.0 = Release|Any CPU
	EndGlobalSection
	GlobalSection(SolutionProperties) = preSolution
		HideSolutionNode = FALSE
	EndGlobalSection
	GlobalSection(ExtensibilityGlobals) = postSolution
		SolutionGuid = {9AB507FD-074F-49E8-949C-167C80458F1E}
	EndGlobalSection
EndGlobal
